
Microsoft Visual Studio Solution File, Format Version 12.00
# Visual Studio Version 16
VisualStudioVersion = 16.0.33214.272
MinimumVisualStudioVersion = 10.0.40219.1
Project("{8BC9CEB8-8B4A-11D0-8D11-00A0C91BC942}") = "second_machine", "second_machine\second_machine.vcxproj", "{8859C437-0C78-4395-BC1D-261A14674336}"
EndProject
Global
	GlobalSection(SolutionConfigurationPlatforms) = preSolution
		Debug|x64 = Debug|x64
		Debug|x86 = Debug|x86
		Release|x64 = Release|x64
		Release|x86 = Release|x86
	EndGlobalSection
	GlobalSection(ProjectConfigurationPlatforms) = postSolution
		{8859C437-0C78-4395-BC1D-261A14674336}.Debug|x64.ActiveCfg = Debug|x64
		{8859C437-0C78-4395-BC1D-261A14674336}.Debug|x64.Build.0 = Debug|x64
		{8859C437-0C78-4395-BC1D-261A14674336}.Debug|x86.ActiveCfg = Debug|Win32
		{8859C437-0C78-4395-BC1D-261A14674336}.Debug|x86.Build.0 = Debug|Win32
		{8859C437-0C78-4395-BC1D-261A14674336}.Release|x64.ActiveCfg = Release|x64
		{8859C437-0C78-4395-BC1D-261A14674336}.Release|x64.Build.0 = Release|x64
		{8859C437-0C78-4395-BC1D-261A14674336}.Release|x86.ActiveCfg = Release|Win32
		{8859C437-0C78-4395-BC1D-261A14674336}.Release|x86.Build.0 = Release|Win32
	EndGlobalSection
	GlobalSection(SolutionProperties) = preSolution
		HideSolutionNode = FALSE
	EndGlobalSection
	GlobalSection(ExtensibilityGlobals) = postSolution
		SolutionGuid = {2BEF1830-C8AC-4FEA-8E26-A29BFBE2B97C}
	EndGlobalSection
EndGlobal
